// !$*UTF8*$!
{
	archiveVersion = 1;
	classes = {
	};
	objectVersion = 50;
	objects = {

/* Begin PBXBuildFile section */
		1CE2143A95296BD4A86D632E /* Pods_KachiKachiAR.framework in Frameworks */ = {isa = PBXBuildFile; fileRef = 612A2A84EF6A7E11791CE3F8 /* Pods_KachiKachiAR.framework */; };
		A32D64AD217CA66E009AF209 /* AppDelegate.swift in Sources */ = {isa = PBXBuildFile; fileRef = A32D64AC217CA66E009AF209 /* AppDelegate.swift */; };
		A32D64B1217CA66E009AF209 /* GameViewController.swift in Sources */ = {isa = PBXBuildFile; fileRef = A32D64B0217CA66E009AF209 /* GameViewController.swift */; };
		A32D64B4217CA66E009AF209 /* Main.storyboard in Resources */ = {isa = PBXBuildFile; fileRef = A32D64B2217CA66E009AF209 /* Main.storyboard */; };
		A32D64B6217CA66F009AF209 /* Assets.xcassets in Resources */ = {isa = PBXBuildFile; fileRef = A32D64B5217CA66F009AF209 /* Assets.xcassets */; };
		A32D64B9217CA66F009AF209 /* LaunchScreen.storyboard in Resources */ = {isa = PBXBuildFile; fileRef = A32D64B7217CA66F009AF209 /* LaunchScreen.storyboard */; };
		A32D64C4217CA66F009AF209 /* KachiKachiARTests.swift in Sources */ = {isa = PBXBuildFile; fileRef = A32D64C3217CA66F009AF209 /* KachiKachiARTests.swift */; };
/* End PBXBuildFile section */

/* Begin PBXContainerItemProxy section */
		A32D64C0217CA66F009AF209 /* PBXContainerItemProxy */ = {
			isa = PBXContainerItemProxy;
			containerPortal = A32D64A1217CA66D009AF209 /* Project object */;
			proxyType = 1;
			remoteGlobalIDString = A32D64A8217CA66E009AF209;
			remoteInfo = KachiKachiAR;
		};
/* End PBXContainerItemProxy section */

/* Begin PBXFileReference section */
		5CA9AF986BDD7ABBE7BE5AE6 /* Pods-KachiKachiAR.debug.xcconfig */ = {isa = PBXFileReference; includeInIndex = 1; lastKnownFileType = text.xcconfig; name = "Pods-KachiKachiAR.debug.xcconfig"; path = "Pods/Target Support Files/Pods-KachiKachiAR/Pods-KachiKachiAR.debug.xcconfig"; sourceTree = "<group>"; };
		612A2A84EF6A7E11791CE3F8 /* Pods_KachiKachiAR.framework */ = {isa = PBXFileReference; explicitFileType = wrapper.framework; includeInIndex = 0; path = Pods_KachiKachiAR.framework; sourceTree = BUILT_PRODUCTS_DIR; };
		70B2EBA22F6F7F0204ABC2B6 /* Pods-KachiKachiAR.release.xcconfig */ = {isa = PBXFileReference; includeInIndex = 1; lastKnownFileType = text.xcconfig; name = "Pods-KachiKachiAR.release.xcconfig"; path = "Pods/Target Support Files/Pods-KachiKachiAR/Pods-KachiKachiAR.release.xcconfig"; sourceTree = "<group>"; };
		A32D64A9217CA66E009AF209 /* KachiKachiAR.app */ = {isa = PBXFileReference; explicitFileType = wrapper.application; includeInIndex = 0; path = KachiKachiAR.app; sourceTree = BUILT_PRODUCTS_DIR; };
		A32D64AC217CA66E009AF209 /* AppDelegate.swift */ = {isa = PBXFileReference; lastKnownFileType = sourcecode.swift; path = AppDelegate.swift; sourceTree = "<group>"; };
		A32D64B0217CA66E009AF209 /* GameViewController.swift */ = {isa = PBXFileReference; lastKnownFileType = sourcecode.swift; path = GameViewController.swift; sourceTree = "<group>"; };
		A32D64B3217CA66E009AF209 /* Base */ = {isa = PBXFileReference; lastKnownFileType = file.storyboard; name = Base; path = Base.lproj/Main.storyboard; sourceTree = "<group>"; };
		A32D64B5217CA66F009AF209 /* Assets.xcassets */ = {isa = PBXFileReference; lastKnownFileType = folder.assetcatalog; path = Assets.xcassets; sourceTree = "<group>"; };
		A32D64B8217CA66F009AF209 /* Base */ = {isa = PBXFileReference; lastKnownFileType = file.storyboard; name = Base; path = Base.lproj/LaunchScreen.storyboard; sourceTree = "<group>"; };
		A32D64BA217CA66F009AF209 /* Info.plist */ = {isa = PBXFileReference; lastKnownFileType = text.plist.xml; path = Info.plist; sourceTree = "<group>"; };
		A32D64BF217CA66F009AF209 /* KachiKachiARTests.xctest */ = {isa = PBXFileReference; explicitFileType = wrapper.cfbundle; includeInIndex = 0; path = KachiKachiARTests.xctest; sourceTree = BUILT_PRODUCTS_DIR; };
		A32D64C3217CA66F009AF209 /* KachiKachiARTests.swift */ = {isa = PBXFileReference; lastKnownFileType = sourcecode.swift; path = KachiKachiARTests.swift; sourceTree = "<group>"; };
		A32D64C5217CA66F009AF209 /* Info.plist */ = {isa = PBXFileReference; lastKnownFileType = text.plist.xml; path = Info.plist; sourceTree = "<group>"; };
/* End PBXFileReference section */

/* Begin PBXFrameworksBuildPhase section */
		A32D64A6217CA66E009AF209 /* Frameworks */ = {
			isa = PBXFrameworksBuildPhase;
			buildActionMask = 2147483647;
			files = (
				1CE2143A95296BD4A86D632E /* Pods_KachiKachiAR.framework in Frameworks */,
			);
			runOnlyForDeploymentPostprocessing = 0;
		};
		A32D64BC217CA66F009AF209 /* Frameworks */ = {
			isa = PBXFrameworksBuildPhase;
			buildActionMask = 2147483647;
			files = (
			);
			runOnlyForDeploymentPostprocessing = 0;
		};
/* End PBXFrameworksBuildPhase section */

/* Begin PBXGroup section */
		8669C6E697FCC6C750A2F713 /* Pods */ = {
			isa = PBXGroup;
			children = (
				5CA9AF986BDD7ABBE7BE5AE6 /* Pods-KachiKachiAR.debug.xcconfig */,
				70B2EBA22F6F7F0204ABC2B6 /* Pods-KachiKachiAR.release.xcconfig */,
			);
			name = Pods;
			sourceTree = "<group>";
		};
		A32D64A0217CA66D009AF209 = {
			isa = PBXGroup;
			children = (
				A32D64AB217CA66E009AF209 /* KachiKachiAR */,
				A32D64C2217CA66F009AF209 /* KachiKachiARTests */,
				A32D64AA217CA66E009AF209 /* Products */,
				8669C6E697FCC6C750A2F713 /* Pods */,
				F04813A91FF28D2D2B007539 /* Frameworks */,
			);
			sourceTree = "<group>";
		};
		A32D64AA217CA66E009AF209 /* Products */ = {
			isa = PBXGroup;
			children = (
				A32D64A9217CA66E009AF209 /* KachiKachiAR.app */,
				A32D64BF217CA66F009AF209 /* KachiKachiARTests.xctest */,
			);
			name = Products;
			sourceTree = "<group>";
		};
		A32D64AB217CA66E009AF209 /* KachiKachiAR */ = {
			isa = PBXGroup;
			children = (
				A32D64AC217CA66E009AF209 /* AppDelegate.swift */,
				A32D64B0217CA66E009AF209 /* GameViewController.swift */,
				A32D64B2217CA66E009AF209 /* Main.storyboard */,
				A32D64B5217CA66F009AF209 /* Assets.xcassets */,
				A32D64B7217CA66F009AF209 /* LaunchScreen.storyboard */,
				A32D64BA217CA66F009AF209 /* Info.plist */,
			);
			path = KachiKachiAR;
			sourceTree = "<group>";
		};
		A32D64C2217CA66F009AF209 /* KachiKachiARTests */ = {
			isa = PBXGroup;
			children = (
				A32D64C3217CA66F009AF209 /* KachiKachiARTests.swift */,
				A32D64C5217CA66F009AF209 /* Info.plist */,
			);
			path = KachiKachiARTests;
			sourceTree = "<group>";
		};
		F04813A91FF28D2D2B007539 /* Frameworks */ = {
			isa = PBXGroup;
			children = (
				612A2A84EF6A7E11791CE3F8 /* Pods_KachiKachiAR.framework */,
			);
			name = Frameworks;
			sourceTree = "<group>";
		};
/* End PBXGroup section */

/* Begin PBXNativeTarget section */
		A32D64A8217CA66E009AF209 /* KachiKachiAR */ = {
			isa = PBXNativeTarget;
			buildConfigurationList = A32D64C8217CA66F009AF209 /* Build configuration list for PBXNativeTarget "KachiKachiAR" */;
			buildPhases = (
				3D8F1C18634C57F07C03E17A /* [CP] Check Pods Manifest.lock */,
				A32D64A5217CA66E009AF209 /* Sources */,
				A32D64A6217CA66E009AF209 /* Frameworks */,
				A32D64A7217CA66E009AF209 /* Resources */,
				774FFB9B84B2EE29DDD0DBEC /* [CP] Embed Pods Frameworks */,
			);
			buildRules = (
			);
			dependencies = (
			);
			name = KachiKachiAR;
			productName = KachiKachiAR;
			productReference = A32D64A9217CA66E009AF209 /* KachiKachiAR.app */;
			productType = "com.apple.product-type.application";
		};
		A32D64BE217CA66F009AF209 /* KachiKachiARTests */ = {
			isa = PBXNativeTarget;
			buildConfigurationList = A32D64CB217CA66F009AF209 /* Build configuration list for PBXNativeTarget "KachiKachiARTests" */;
			buildPhases = (
				A32D64BB217CA66F009AF209 /* Sources */,
				A32D64BC217CA66F009AF209 /* Frameworks */,
				A32D64BD217CA66F009AF209 /* Resources */,
			);
			buildRules = (
			);
			dependencies = (
				A32D64C1217CA66F009AF209 /* PBXTargetDependency */,
			);
			name = KachiKachiARTests;
			productName = KachiKachiARTests;
			productReference = A32D64BF217CA66F009AF209 /* KachiKachiARTests.xctest */;
			productType = "com.apple.product-type.bundle.unit-test";
		};
/* End PBXNativeTarget section */

/* Begin PBXProject section */
		A32D64A1217CA66D009AF209 /* Project object */ = {
			isa = PBXProject;
			attributes = {
				LastSwiftUpdateCheck = 1000;
				LastUpgradeCheck = 1000;
				ORGANIZATIONNAME = "Chandan Shetty SP";
				TargetAttributes = {
					A32D64A8217CA66E009AF209 = {
						CreatedOnToolsVersion = 10.0;
					};
					A32D64BE217CA66F009AF209 = {
						CreatedOnToolsVersion = 10.0;
						TestTargetID = A32D64A8217CA66E009AF209;
					};
				};
			};
			buildConfigurationList = A32D64A4217CA66D009AF209 /* Build configuration list for PBXProject "KachiKachiAR" */;
			compatibilityVersion = "Xcode 9.3";
			developmentRegion = en;
			hasScannedForEncodings = 0;
			knownRegions = (
				en,
				Base,
			);
			mainGroup = A32D64A0217CA66D009AF209;
			productRefGroup = A32D64AA217CA66E009AF209 /* Products */;
			projectDirPath = "";
			projectRoot = "";
			targets = (
				A32D64A8217CA66E009AF209 /* KachiKachiAR */,
				A32D64BE217CA66F009AF209 /* KachiKachiARTests */,
			);
		};
/* End PBXProject section */

/* Begin PBXResourcesBuildPhase section */
		A32D64A7217CA66E009AF209 /* Resources */ = {
			isa = PBXResourcesBuildPhase;
			buildActionMask = 2147483647;
			files = (
				A32D64B9217CA66F009AF209 /* LaunchScreen.storyboard in Resources */,
				A32D64B6217CA66F009AF209 /* Assets.xcassets in Resources */,
				A32D64B4217CA66E009AF209 /* Main.storyboard in Resources */,
			);
			runOnlyForDeploymentPostprocessing = 0;
		};
		A32D64BD217CA66F009AF209 /* Resources */ = {
			isa = PBXResourcesBuildPhase;
			buildActionMask = 2147483647;
			files = (
			);
			runOnlyForDeploymentPostprocessing = 0;
		};
/* End PBXResourcesBuildPhase section */

/* Begin PBXShellScriptBuildPhase section */
		3D8F1C18634C57F07C03E17A /* [CP] Check Pods Manifest.lock */ = {
			isa = PBXShellScriptBuildPhase;
			buildActionMask = 2147483647;
			files = (
			);
			inputFileListPaths = (
			);
			inputPaths = (
				"${PODS_PODFILE_DIR_PATH}/Podfile.lock",
				"${PODS_ROOT}/Manifest.lock",
			);
			name = "[CP] Check Pods Manifest.lock";
			outputFileListPaths = (
			);
			outputPaths = (
				"$(DERIVED_FILE_DIR)/Pods-KachiKachiAR-checkManifestLockResult.txt",
			);
			runOnlyForDeploymentPostprocessing = 0;
			shellPath = /bin/sh;
			shellScript = "diff \"${PODS_PODFILE_DIR_PATH}/Podfile.lock\" \"${PODS_ROOT}/Manifest.lock\" > /dev/null\nif [ $? != 0 ] ; then\n    # print error to STDERR\n    echo \"error: The sandbox is not in sync with the Podfile.lock. Run 'pod install' or update your CocoaPods installation.\" >&2\n    exit 1\nfi\n# This output is used by Xcode 'outputs' to avoid re-running this script phase.\necho \"SUCCESS\" > \"${SCRIPT_OUTPUT_FILE_0}\"\n";
			showEnvVarsInLog = 0;
		};
		774FFB9B84B2EE29DDD0DBEC /* [CP] Embed Pods Frameworks */ = {
			isa = PBXShellScriptBuildPhase;
			buildActionMask = 2147483647;
			files = (
			);
			inputFileListPaths = (
			);
			inputPaths = (
				"${SRCROOT}/Pods/Target Support Files/Pods-KachiKachiAR/Pods-KachiKachiAR-frameworks.sh",
				"${BUILT_PRODUCTS_DIR}/SwifterSwift/SwifterSwift.framework",
			);
			name = "[CP] Embed Pods Frameworks";
			outputFileListPaths = (
			);
			outputPaths = (
				"${TARGET_BUILD_DIR}/${FRAMEWORKS_FOLDER_PATH}/SwifterSwift.framework",
			);
			runOnlyForDeploymentPostprocessing = 0;
			shellPath = /bin/sh;
			shellScript = "\"${SRCROOT}/Pods/Target Support Files/Pods-KachiKachiAR/Pods-KachiKachiAR-frameworks.sh\"\n";
			showEnvVarsInLog = 0;
		};
/* End PBXShellScriptBuildPhase section */

/* Begin PBXSourcesBuildPhase section */
		A32D64A5217CA66E009AF209 /* Sources */ = {
			isa = PBXSourcesBuildPhase;
			buildActionMask = 2147483647;
			files = (
				A32D64B1217CA66E009AF209 /* GameViewController.swift in Sources */,
				A32D64AD217CA66E009AF209 /* AppDelegate.swift in Sources */,
			);
			runOnlyForDeploymentPostprocessing = 0;
		};
		A32D64BB217CA66F009AF209 /* Sources */ = {
			isa = PBXSourcesBuildPhase;
			buildActionMask = 2147483647;
			files = (
				A32D64C4217CA66F009AF209 /* KachiKachiARTests.swift in Sources */,
			);
			runOnlyForDeploymentPostprocessing = 0;
		};
/* End PBXSourcesBuildPhase section */

/* Begin PBXTargetDependency section */
		A32D64C1217CA66F009AF209 /* PBXTargetDependency */ = {
			isa = PBXTargetDependency;
			target = A32D64A8217CA66E009AF209 /* KachiKachiAR */;
			targetProxy = A32D64C0217CA66F009AF209 /* PBXContainerItemProxy */;
		};
/* End PBXTargetDependency section */

/* Begin PBXVariantGroup section */
		A32D64B2217CA66E009AF209 /* Main.storyboard */ = {
			isa = PBXVariantGroup;
			children = (
				A32D64B3217CA66E009AF209 /* Base */,
			);
			name = Main.storyboard;
			sourceTree = "<group>";
		};
		A32D64B7217CA66F009AF209 /* LaunchScreen.storyboard */ = {
			isa = PBXVariantGroup;
			children = (
				A32D64B8217CA66F009AF209 /* Base */,
			);
			name = LaunchScreen.storyboard;
			sourceTree = "<group>";
		};
/* End PBXVariantGroup section */

/* Begin XCBuildConfiguration section */
		A32D64C6217CA66F009AF209 /* Debug */ = {
			isa = XCBuildConfiguration;
			buildSettings = {
				ALWAYS_SEARCH_USER_PATHS = NO;
				CLANG_ANALYZER_NONNULL = YES;
				CLANG_ANALYZER_NUMBER_OBJECT_CONVERSION = YES_AGGRESSIVE;
				CLANG_CXX_LANGUAGE_STANDARD = "gnu++14";
				CLANG_CXX_LIBRARY = "libc++";
				CLANG_ENABLE_MODULES = YES;
				CLANG_ENABLE_OBJC_ARC = YES;
				CLANG_ENABLE_OBJC_WEAK = YES;
				CLANG_WARN_BLOCK_CAPTURE_AUTORELEASING = YES;
				CLANG_WARN_BOOL_CONVERSION = YES;
				CLANG_WARN_COMMA = YES;
				CLANG_WARN_CONSTANT_CONVERSION = YES;
				CLANG_WARN_DEPRECATED_OBJC_IMPLEMENTATIONS = YES;
				CLANG_WARN_DIRECT_OBJC_ISA_USAGE = YES_ERROR;
				CLANG_WARN_DOCUMENTATION_COMMENTS = YES;
				CLANG_WARN_EMPTY_BODY = YES;
				CLANG_WARN_ENUM_CONVERSION = YES;
				CLANG_WARN_INFINITE_RECURSION = YES;
				CLANG_WARN_INT_CONVERSION = YES;
				CLANG_WARN_NON_LITERAL_NULL_CONVERSION = YES;
				CLANG_WARN_OBJC_IMPLICIT_RETAIN_SELF = YES;
				CLANG_WARN_OBJC_LITERAL_CONVERSION = YES;
				CLANG_WARN_OBJC_ROOT_CLASS = YES_ERROR;
				CLANG_WARN_RANGE_LOOP_ANALYSIS = YES;
				CLANG_WARN_STRICT_PROTOTYPES = YES;
				CLANG_WARN_SUSPICIOUS_MOVE = YES;
				CLANG_WARN_UNGUARDED_AVAILABILITY = YES_AGGRESSIVE;
				CLANG_WARN_UNREACHABLE_CODE = YES;
				CLANG_WARN__DUPLICATE_METHOD_MATCH = YES;
				CODE_SIGN_IDENTITY = "iPhone Developer";
				COPY_PHASE_STRIP = NO;
				DEBUG_INFORMATION_FORMAT = dwarf;
				ENABLE_STRICT_OBJC_MSGSEND = YES;
				ENABLE_TESTABILITY = YES;
				GCC_C_LANGUAGE_STANDARD = gnu11;
				GCC_DYNAMIC_NO_PIC = NO;
				GCC_NO_COMMON_BLOCKS = YES;
				GCC_OPTIMIZATION_LEVEL = 0;
				GCC_PREPROCESSOR_DEFINITIONS = (
					"DEBUG=1",
					"$(inherited)",
				);
				GCC_WARN_64_TO_32_BIT_CONVERSION = YES;
				GCC_WARN_ABOUT_RETURN_TYPE = YES_ERROR;
				GCC_WARN_UNDECLARED_SELECTOR = YES;
				GCC_WARN_UNINITIALIZED_AUTOS = YES_AGGRESSIVE;
				GCC_WARN_UNUSED_FUNCTION = YES;
				GCC_WARN_UNUSED_VARIABLE = YES;
				IPHONEOS_DEPLOYMENT_TARGET = 12.0;
				MTL_ENABLE_DEBUG_INFO = INCLUDE_SOURCE;
				MTL_FAST_MATH = YES;
				ONLY_ACTIVE_ARCH = YES;
				SDKROOT = iphoneos;
				SWIFT_ACTIVE_COMPILATION_CONDITIONS = DEBUG;
				SWIFT_OPTIMIZATION_LEVEL = "-Onone";
			};
			name = Debug;
		};
		A32D64C7217CA66F009AF209 /* Release */ = {
			isa = XCBuildConfiguration;
			buildSettings = {
				ALWAYS_SEARCH_USER_PATHS = NO;
				CLANG_ANALYZER_NONNULL = YES;
				CLANG_ANALYZER_NUMBER_OBJECT_CONVERSION = YES_AGGRESSIVE;
				CLANG_CXX_LANGUAGE_STANDARD = "gnu++14";
				CLANG_CXX_LIBRARY = "libc++";
				CLANG_ENABLE_MODULES = YES;
				CLANG_ENABLE_OBJC_ARC = YES;
				CLANG_ENABLE_OBJC_WEAK = YES;
				CLANG_WARN_BLOCK_CAPTURE_AUTORELEASING = YES;
				CLANG_WARN_BOOL_CONVERSION = YES;
				CLANG_WARN_COMMA = YES;
				CLANG_WARN_CONSTANT_CONVERSION = YES;
				CLANG_WARN_DEPRECATED_OBJC_IMPLEMENTATIONS = YES;
				CLANG_WARN_DIRECT_OBJC_ISA_USAGE = YES_ERROR;
				CLANG_WARN_DOCUMENTATION_COMMENTS = YES;
				CLANG_WARN_EMPTY_BODY = YES;
				CLANG_WARN_ENUM_CONVERSION = YES;
				CLANG_WARN_INFINITE_RECURSION = YES;
				CLANG_WARN_INT_CONVERSION = YES;
				CLANG_WARN_NON_LITERAL_NULL_CONVERSION = YES;
				CLANG_WARN_OBJC_IMPLICIT_RETAIN_SELF = YES;
				CLANG_WARN_OBJC_LITERAL_CONVERSION = YES;
				CLANG_WARN_OBJC_ROOT_CLASS = YES_ERROR;
				CLANG_WARN_RANGE_LOOP_ANALYSIS = YES;
				CLANG_WARN_STRICT_PROTOTYPES = YES;
				CLANG_WARN_SUSPICIOUS_MOVE = YES;
				CLANG_WARN_UNGUARDED_AVAILABILITY = YES_AGGRESSIVE;
				CLANG_WARN_UNREACHABLE_CODE = YES;
				CLANG_WARN__DUPLICATE_METHOD_MATCH = YES;
				CODE_SIGN_IDENTITY = "iPhone Developer";
				COPY_PHASE_STRIP = NO;
				DEBUG_INFORMATION_FORMAT = "dwarf-with-dsym";
				ENABLE_NS_ASSERTIONS = NO;
				ENABLE_STRICT_OBJC_MSGSEND = YES;
				GCC_C_LANGUAGE_STANDARD = gnu11;
				GCC_NO_COMMON_BLOCKS = YES;
				GCC_WARN_64_TO_32_BIT_CONVERSION = YES;
				GCC_WARN_ABOUT_RETURN_TYPE = YES_ERROR;
				GCC_WARN_UNDECLARED_SELECTOR = YES;
				GCC_WARN_UNINITIALIZED_AUTOS = YES_AGGRESSIVE;
				GCC_WARN_UNUSED_FUNCTION = YES;
				GCC_WARN_UNUSED_VARIABLE = YES;
				IPHONEOS_DEPLOYMENT_TARGET = 12.0;
				MTL_ENABLE_DEBUG_INFO = NO;
				MTL_FAST_MATH = YES;
				SDKROOT = iphoneos;
				SWIFT_COMPILATION_MODE = wholemodule;
				SWIFT_OPTIMIZATION_LEVEL = "-O";
				VALIDATE_PRODUCT = YES;
			};
			name = Release;
		};
		A32D64C9217CA66F009AF209 /* Debug */ = {
			isa = XCBuildConfiguration;
			baseConfigurationReference = 5CA9AF986BDD7ABBE7BE5AE6 /* Pods-KachiKachiAR.debug.xcconfig */;
			buildSettings = {
				ASSETCATALOG_COMPILER_APPICON_NAME = AppIcon;
				CODE_SIGN_STYLE = Automatic;
				DEVELOPMENT_TEAM = 6VR9TCD8F6;
				INFOPLIST_FILE = KachiKachiAR/Info.plist;
				LD_RUNPATH_SEARCH_PATHS = (
					"$(inherited)",
					"@executable_path/Frameworks",
				);
				PRODUCT_BUNDLE_IDENTIFIER = com.aismobiles.KachiKachiAR;
				PRODUCT_NAME = "$(TARGET_NAME)";
				SWIFT_VERSION = 4.2;
				TARGETED_DEVICE_FAMILY = "1,2";
			};
			name = Debug;
		};
		A32D64CA217CA66F009AF209 /* Release */ = {
			isa = XCBuildConfiguration;
			baseConfigurationReference = 70B2EBA22F6F7F0204ABC2B6 /* Pods-KachiKachiAR.release.xcconfig */;
			buildSettings = {
				ASSETCATALOG_COMPILER_APPICON_NAME = AppIcon;
				CODE_SIGN_STYLE = Automatic;
				DEVELOPMENT_TEAM = 6VR9TCD8F6;
				INFOPLIST_FILE = KachiKachiAR/Info.plist;
				LD_RUNPATH_SEARCH_PATHS = (
					"$(inherited)",
					"@executable_path/Frameworks",
				);
				PRODUCT_BUNDLE_IDENTIFIER = com.aismobiles.KachiKachiAR;
				PRODUCT_NAME = "$(TARGET_NAME)";
				SWIFT_VERSION = 4.2;
				TARGETED_DEVICE_FAMILY = "1,2";
			};
			name = Release;
		};
		A32D64CC217CA66F009AF209 /* Debug */ = {
			isa = XCBuildConfiguration;
			buildSettings = {
				ALWAYS_EMBED_SWIFT_STANDARD_LIBRARIES = YES;
				BUNDLE_LOADER = "$(TEST_HOST)";
				CODE_SIGN_STYLE = Automatic;
				DEVELOPMENT_TEAM = 6VR9TCD8F6;
				INFOPLIST_FILE = KachiKachiARTests/Info.plist;
				LD_RUNPATH_SEARCH_PATHS = (
					"$(inherited)",
					"@executable_path/Frameworks",
					"@loader_path/Frameworks",
				);
				PRODUCT_BUNDLE_IDENTIFIER = com.aismobiles.KachiKachiARTests;
				PRODUCT_NAME = "$(TARGET_NAME)";
				SWIFT_VERSION = 4.2;
				TARGETED_DEVICE_FAMILY = "1,2";
				TEST_HOST = "$(BUILT_PRODUCTS_DIR)/KachiKachiAR.app/KachiKachiAR";
			};
			name = Debug;
		};
		A32D64CD217CA66F009AF209 /* Release */ = {
			isa = XCBuildConfiguration;
			buildSettings = {
				ALWAYS_EMBED_SWIFT_STANDARD_LIBRARIES = YES;
				BUNDLE_LOADER = "$(TEST_HOST)";
				CODE_SIGN_STYLE = Automatic;
				DEVELOPMENT_TEAM = 6VR9TCD8F6;
				INFOPLIST_FILE = KachiKachiARTests/Info.plist;
				LD_RUNPATH_SEARCH_PATHS = (
					"$(inherited)",
					"@executable_path/Frameworks",
					"@loader_path/Frameworks",
				);
				PRODUCT_BUNDLE_IDENTIFIER = com.aismobiles.KachiKachiARTests;
				PRODUCT_NAME = "$(TARGET_NAME)";
				SWIFT_VERSION = 4.2;
				TARGETED_DEVICE_FAMILY = "1,2";
				TEST_HOST = "$(BUILT_PRODUCTS_DIR)/KachiKachiAR.app/KachiKachiAR";
			};
			name = Release;
		};
/* End XCBuildConfiguration section */

/* Begin XCConfigurationList section */
		A32D64A4217CA66D009AF209 /* Build configuration list for PBXProject "KachiKachiAR" */ = {
			isa = XCConfigurationList;
			buildConfigurations = (
				A32D64C6217CA66F009AF209 /* Debug */,
				A32D64C7217CA66F009AF209 /* Release */,
			);
			defaultConfigurationIsVisible = 0;
			defaultConfigurationName = Release;
		};
		A32D64C8217CA66F009AF209 /* Build configuration list for PBXNativeTarget "KachiKachiAR" */ = {
			isa = XCConfigurationList;
			buildConfigurations = (
				A32D64C9217CA66F009AF209 /* Debug */,
				A32D64CA217CA66F009AF209 /* Release */,
			);
			defaultConfigurationIsVisible = 0;
			defaultConfigurationName = Release;
		};
		A32D64CB217CA66F009AF209 /* Build configuration list for PBXNativeTarget "KachiKachiARTests" */ = {
			isa = XCConfigurationList;
			buildConfigurations = (
				A32D64CC217CA66F009AF209 /* Debug */,
				A32D64CD217CA66F009AF209 /* Release */,
			);
			defaultConfigurationIsVisible = 0;
			defaultConfigurationName = Release;
		};
/* End XCConfigurationList section */
	};
	rootObject = A32D64A1217CA66D009AF209 /* Project object */;
}
